// !$*UTF8*$!
{
	archiveVersion = 1;
	classes = {
	};
	objectVersion = 50;
	objects = {

/* Begin PBXBuildFile section */
		41D634BF3D08ED55440136F5 /* Pods_aws_amplify_integration.framework in Frameworks */ = {isa = PBXBuildFile; fileRef = 2BC87BBA034B387CE34E368E /* Pods_aws_amplify_integration.framework */; };
		CA222C52224B4BB500E8CC8D /* AppDelegate.swift in Sources */ = {isa = PBXBuildFile; fileRef = CA222C51224B4BB500E8CC8D /* AppDelegate.swift */; };
		CA222C59224B4BB700E8CC8D /* Assets.xcassets in Resources */ = {isa = PBXBuildFile; fileRef = CA222C58224B4BB700E8CC8D /* Assets.xcassets */; };
		CA222C5C224B4BB700E8CC8D /* LaunchScreen.storyboard in Resources */ = {isa = PBXBuildFile; fileRef = CA222C5A224B4BB700E8CC8D /* LaunchScreen.storyboard */; };
		CA222C67224B519000E8CC8D /* MainViewController.swift in Sources */ = {isa = PBXBuildFile; fileRef = CA222C65224B519000E8CC8D /* MainViewController.swift */; };
		CA222C68224B519000E8CC8D /* MainViewController.xib in Resources */ = {isa = PBXBuildFile; fileRef = CA222C66224B519000E8CC8D /* MainViewController.xib */; };
		CA222C6F224B53D900E8CC8D /* LoginViewController.swift in Sources */ = {isa = PBXBuildFile; fileRef = CA222C6D224B53D900E8CC8D /* LoginViewController.swift */; };
		CA222C70224B53D900E8CC8D /* LoginViewController.xib in Resources */ = {isa = PBXBuildFile; fileRef = CA222C6E224B53D900E8CC8D /* LoginViewController.xib */; };
		CA222C73224B547200E8CC8D /* SplashViewController.swift in Sources */ = {isa = PBXBuildFile; fileRef = CA222C71224B547200E8CC8D /* SplashViewController.swift */; };
		CA222C74224B547200E8CC8D /* SplashViewController.xib in Resources */ = {isa = PBXBuildFile; fileRef = CA222C72224B547200E8CC8D /* SplashViewController.xib */; };
		CA222C77224B54DA00E8CC8D /* UIApplication.swift in Sources */ = {isa = PBXBuildFile; fileRef = CA222C76224B54DA00E8CC8D /* UIApplication.swift */; };
		CA222C7D224B622600E8CC8D /* SignUpViewController.swift in Sources */ = {isa = PBXBuildFile; fileRef = CA222C7B224B622600E8CC8D /* SignUpViewController.swift */; };
		CA222C7E224B622600E8CC8D /* SignUpViewController.xib in Resources */ = {isa = PBXBuildFile; fileRef = CA222C7C224B622600E8CC8D /* SignUpViewController.xib */; };
		CA222C81224B65BD00E8CC8D /* ConfirmSignUpViewController.swift in Sources */ = {isa = PBXBuildFile; fileRef = CA222C7F224B65BD00E8CC8D /* ConfirmSignUpViewController.swift */; };
		CA222C82224B65BD00E8CC8D /* ConfirmSignUpViewController.xib in Resources */ = {isa = PBXBuildFile; fileRef = CA222C80224B65BD00E8CC8D /* ConfirmSignUpViewController.xib */; };
		CA222C86224B6AD500E8CC8D /* ResetPasswordViewController.swift in Sources */ = {isa = PBXBuildFile; fileRef = CA222C84224B6AD500E8CC8D /* ResetPasswordViewController.swift */; };
		CA222C87224B6AD500E8CC8D /* ResetPasswordViewController.xib in Resources */ = {isa = PBXBuildFile; fileRef = CA222C85224B6AD500E8CC8D /* ResetPasswordViewController.xib */; };
		CA222C8A224B9BAF00E8CC8D /* NewPasswordViewController.swift in Sources */ = {isa = PBXBuildFile; fileRef = CA222C88224B9BAF00E8CC8D /* NewPasswordViewController.swift */; };
		CA222C8B224B9BAF00E8CC8D /* NewPasswordViewController.xib in Resources */ = {isa = PBXBuildFile; fileRef = CA222C89224B9BAF00E8CC8D /* NewPasswordViewController.xib */; };
		CAD9FD3F224F79E000044806 /* awsconfiguration.json in Resources */ = {isa = PBXBuildFile; fileRef = CAD9FD3E224F79E000044806 /* awsconfiguration.json */; };
/* End PBXBuildFile section */

/* Begin PBXFileReference section */
		2BC87BBA034B387CE34E368E /* Pods_aws_amplify_integration.framework */ = {isa = PBXFileReference; explicitFileType = wrapper.framework; includeInIndex = 0; path = Pods_aws_amplify_integration.framework; sourceTree = BUILT_PRODUCTS_DIR; };
		7905F40C26D8C00767557E13 /* Pods-aws_amplify_integration.debug.xcconfig */ = {isa = PBXFileReference; includeInIndex = 1; lastKnownFileType = text.xcconfig; name = "Pods-aws_amplify_integration.debug.xcconfig"; path = "Target Support Files/Pods-aws_amplify_integration/Pods-aws_amplify_integration.debug.xcconfig"; sourceTree = "<group>"; };
		ACFEA6FB130513DC7172D3F4 /* Pods-aws_amplify_integration.release.xcconfig */ = {isa = PBXFileReference; includeInIndex = 1; lastKnownFileType = text.xcconfig; name = "Pods-aws_amplify_integration.release.xcconfig"; path = "Target Support Files/Pods-aws_amplify_integration/Pods-aws_amplify_integration.release.xcconfig"; sourceTree = "<group>"; };
		CA222C4E224B4BB500E8CC8D /* aws_amplify_integration.app */ = {isa = PBXFileReference; explicitFileType = wrapper.application; includeInIndex = 0; path = aws_amplify_integration.app; sourceTree = BUILT_PRODUCTS_DIR; };
		CA222C51224B4BB500E8CC8D /* AppDelegate.swift */ = {isa = PBXFileReference; lastKnownFileType = sourcecode.swift; path = AppDelegate.swift; sourceTree = "<group>"; };
		CA222C58224B4BB700E8CC8D /* Assets.xcassets */ = {isa = PBXFileReference; lastKnownFileType = folder.assetcatalog; path = Assets.xcassets; sourceTree = "<group>"; };
		CA222C5B224B4BB700E8CC8D /* Base */ = {isa = PBXFileReference; lastKnownFileType = file.storyboard; name = Base; path = Base.lproj/LaunchScreen.storyboard; sourceTree = "<group>"; };
		CA222C5D224B4BB700E8CC8D /* Info.plist */ = {isa = PBXFileReference; lastKnownFileType = text.plist.xml; path = Info.plist; sourceTree = "<group>"; };
		CA222C65224B519000E8CC8D /* MainViewController.swift */ = {isa = PBXFileReference; lastKnownFileType = sourcecode.swift; path = MainViewController.swift; sourceTree = "<group>"; };
		CA222C66224B519000E8CC8D /* MainViewController.xib */ = {isa = PBXFileReference; lastKnownFileType = file.xib; path = MainViewController.xib; sourceTree = "<group>"; };
		CA222C6D224B53D900E8CC8D /* LoginViewController.swift */ = {isa = PBXFileReference; lastKnownFileType = sourcecode.swift; path = LoginViewController.swift; sourceTree = "<group>"; };
		CA222C6E224B53D900E8CC8D /* LoginViewController.xib */ = {isa = PBXFileReference; lastKnownFileType = file.xib; path = LoginViewController.xib; sourceTree = "<group>"; };
		CA222C71224B547200E8CC8D /* SplashViewController.swift */ = {isa = PBXFileReference; lastKnownFileType = sourcecode.swift; path = SplashViewController.swift; sourceTree = "<group>"; };
		CA222C72224B547200E8CC8D /* SplashViewController.xib */ = {isa = PBXFileReference; lastKnownFileType = file.xib; path = SplashViewController.xib; sourceTree = "<group>"; };
		CA222C76224B54DA00E8CC8D /* UIApplication.swift */ = {isa = PBXFileReference; lastKnownFileType = sourcecode.swift; path = UIApplication.swift; sourceTree = "<group>"; };
		CA222C7B224B622600E8CC8D /* SignUpViewController.swift */ = {isa = PBXFileReference; lastKnownFileType = sourcecode.swift; path = SignUpViewController.swift; sourceTree = "<group>"; };
		CA222C7C224B622600E8CC8D /* SignUpViewController.xib */ = {isa = PBXFileReference; lastKnownFileType = file.xib; path = SignUpViewController.xib; sourceTree = "<group>"; };
		CA222C7F224B65BD00E8CC8D /* ConfirmSignUpViewController.swift */ = {isa = PBXFileReference; lastKnownFileType = sourcecode.swift; path = ConfirmSignUpViewController.swift; sourceTree = "<group>"; };
		CA222C80224B65BD00E8CC8D /* ConfirmSignUpViewController.xib */ = {isa = PBXFileReference; lastKnownFileType = file.xib; path = ConfirmSignUpViewController.xib; sourceTree = "<group>"; };
		CA222C84224B6AD500E8CC8D /* ResetPasswordViewController.swift */ = {isa = PBXFileReference; lastKnownFileType = sourcecode.swift; path = ResetPasswordViewController.swift; sourceTree = "<group>"; };
		CA222C85224B6AD500E8CC8D /* ResetPasswordViewController.xib */ = {isa = PBXFileReference; lastKnownFileType = file.xib; path = ResetPasswordViewController.xib; sourceTree = "<group>"; };
		CA222C88224B9BAF00E8CC8D /* NewPasswordViewController.swift */ = {isa = PBXFileReference; lastKnownFileType = sourcecode.swift; path = NewPasswordViewController.swift; sourceTree = "<group>"; };
		CA222C89224B9BAF00E8CC8D /* NewPasswordViewController.xib */ = {isa = PBXFileReference; lastKnownFileType = file.xib; path = NewPasswordViewController.xib; sourceTree = "<group>"; };
		CAD9FD3E224F79E000044806 /* awsconfiguration.json */ = {isa = PBXFileReference; fileEncoding = 4; lastKnownFileType = text.json; path = awsconfiguration.json; sourceTree = SOURCE_ROOT; };
/* End PBXFileReference section */

/* Begin PBXFrameworksBuildPhase section */
		CA222C4B224B4BB500E8CC8D /* Frameworks */ = {
			isa = PBXFrameworksBuildPhase;
			buildActionMask = 2147483647;
			files = (
				41D634BF3D08ED55440136F5 /* Pods_aws_amplify_integration.framework in Frameworks */,
			);
			runOnlyForDeploymentPostprocessing = 0;
		};
/* End PBXFrameworksBuildPhase section */

/* Begin PBXGroup section */
		82DAE7304D9068B59E925F60 /* Pods */ = {
			isa = PBXGroup;
			children = (
				7905F40C26D8C00767557E13 /* Pods-aws_amplify_integration.debug.xcconfig */,
				ACFEA6FB130513DC7172D3F4 /* Pods-aws_amplify_integration.release.xcconfig */,
			);
			path = Pods;
			sourceTree = "<group>";
		};
		AA118D7E30C37FC4E7E497F3 /* Frameworks */ = {
			isa = PBXGroup;
			children = (
				2BC87BBA034B387CE34E368E /* Pods_aws_amplify_integration.framework */,
			);
			name = Frameworks;
			sourceTree = "<group>";
		};
		CA222C45224B4BB500E8CC8D = {
			isa = PBXGroup;
			children = (
				CA222C50224B4BB500E8CC8D /* aws_amplify_integration */,
				CA222C4F224B4BB500E8CC8D /* Products */,
				82DAE7304D9068B59E925F60 /* Pods */,
				AA118D7E30C37FC4E7E497F3 /* Frameworks */,
			);
			sourceTree = "<group>";
		};
		CA222C4F224B4BB500E8CC8D /* Products */ = {
			isa = PBXGroup;
			children = (
				CA222C4E224B4BB500E8CC8D /* aws_amplify_integration.app */,
			);
			name = Products;
			sourceTree = "<group>";
		};
		CA222C50224B4BB500E8CC8D /* aws_amplify_integration */ = {
			isa = PBXGroup;
			children = (
				CAD9FD3E224F79E000044806 /* awsconfiguration.json */,
				CA222C51224B4BB500E8CC8D /* AppDelegate.swift */,
				CA222C7A224B61BE00E8CC8D /* Authentication */,
				CA222C6C224B524300E8CC8D /* Main */,
				CA222C58224B4BB700E8CC8D /* Assets.xcassets */,
				CA222C5A224B4BB700E8CC8D /* LaunchScreen.storyboard */,
				CA222C5D224B4BB700E8CC8D /* Info.plist */,
				CA222C75224B547600E8CC8D /* Splash */,
				CA222C78224B54E700E8CC8D /* Extensions */,
			);
			path = aws_amplify_integration;
			sourceTree = "<group>";
		};
		CA222C6B224B523C00E8CC8D /* Login */ = {
			isa = PBXGroup;
			children = (
				CA222C6D224B53D900E8CC8D /* LoginViewController.swift */,
				CA222C6E224B53D900E8CC8D /* LoginViewController.xib */,
			);
			path = Login;
			sourceTree = "<group>";
		};
		CA222C6C224B524300E8CC8D /* Main */ = {
			isa = PBXGroup;
			children = (
				CA222C65224B519000E8CC8D /* MainViewController.swift */,
				CA222C66224B519000E8CC8D /* MainViewController.xib */,
			);
			path = Main;
			sourceTree = "<group>";
		};
		CA222C75224B547600E8CC8D /* Splash */ = {
			isa = PBXGroup;
			children = (
				CA222C71224B547200E8CC8D /* SplashViewController.swift */,
				CA222C72224B547200E8CC8D /* SplashViewController.xib */,
			);
			path = Splash;
			sourceTree = "<group>";
		};
		CA222C78224B54E700E8CC8D /* Extensions */ = {
			isa = PBXGroup;
			children = (
				CA222C76224B54DA00E8CC8D /* UIApplication.swift */,
			);
			path = Extensions;
			sourceTree = "<group>";
		};
		CA222C79224B61B200E8CC8D /* SignUp */ = {
			isa = PBXGroup;
			children = (
				CA222C7B224B622600E8CC8D /* SignUpViewController.swift */,
				CA222C7C224B622600E8CC8D /* SignUpViewController.xib */,
				CA222C7F224B65BD00E8CC8D /* ConfirmSignUpViewController.swift */,
				CA222C80224B65BD00E8CC8D /* ConfirmSignUpViewController.xib */,
			);
			path = SignUp;
			sourceTree = "<group>";
		};
		CA222C7A224B61BE00E8CC8D /* Authentication */ = {
			isa = PBXGroup;
			children = (
				CA222C83224B6ABE00E8CC8D /* Reset password */,
				CA222C79224B61B200E8CC8D /* SignUp */,
				CA222C6B224B523C00E8CC8D /* Login */,
			);
			path = Authentication;
			sourceTree = "<group>";
		};
		CA222C83224B6ABE00E8CC8D /* Reset password */ = {
			isa = PBXGroup;
			children = (
				CA222C84224B6AD500E8CC8D /* ResetPasswordViewController.swift */,
				CA222C85224B6AD500E8CC8D /* ResetPasswordViewController.xib */,
				CA222C88224B9BAF00E8CC8D /* NewPasswordViewController.swift */,
				CA222C89224B9BAF00E8CC8D /* NewPasswordViewController.xib */,
			);
			path = "Reset password";
			sourceTree = "<group>";
		};
/* End PBXGroup section */

/* Begin PBXNativeTarget section */
		CA222C4D224B4BB500E8CC8D /* aws_amplify_integration */ = {
			isa = PBXNativeTarget;
			buildConfigurationList = CA222C60224B4BB700E8CC8D /* Build configuration list for PBXNativeTarget "aws_amplify_integration" */;
			buildPhases = (
				27FD450A340EE8012E3B4EDC /* [CP] Check Pods Manifest.lock */,
				CA222C4A224B4BB500E8CC8D /* Sources */,
				CA222C4B224B4BB500E8CC8D /* Frameworks */,
				CA222C4C224B4BB500E8CC8D /* Resources */,
				BE5ABCE7AC22619F21185C62 /* [CP] Embed Pods Frameworks */,
			);
			buildRules = (
			);
			dependencies = (
			);
			name = aws_amplify_integration;
			productName = aws_amplify_integration;
			productReference = CA222C4E224B4BB500E8CC8D /* aws_amplify_integration.app */;
			productType = "com.apple.product-type.application";
		};
/* End PBXNativeTarget section */

/* Begin PBXProject section */
		CA222C46224B4BB500E8CC8D /* Project object */ = {
			isa = PBXProject;
			attributes = {
				LastSwiftUpdateCheck = 1020;
				LastUpgradeCheck = 1020;
				ORGANIZATIONNAME = "Calin Cristian Ciubotariu";
				TargetAttributes = {
					CA222C4D224B4BB500E8CC8D = {
						CreatedOnToolsVersion = 10.2;
					};
				};
			};
			buildConfigurationList = CA222C49224B4BB500E8CC8D /* Build configuration list for PBXProject "aws_amplify_integration" */;
			compatibilityVersion = "Xcode 9.3";
			developmentRegion = en;
			hasScannedForEncodings = 0;
			knownRegions = (
				en,
				Base,
			);
			mainGroup = CA222C45224B4BB500E8CC8D;
			productRefGroup = CA222C4F224B4BB500E8CC8D /* Products */;
			projectDirPath = "";
			projectRoot = "";
			targets = (
				CA222C4D224B4BB500E8CC8D /* aws_amplify_integration */,
			);
		};
/* End PBXProject section */

/* Begin PBXResourcesBuildPhase section */
		CA222C4C224B4BB500E8CC8D /* Resources */ = {
			isa = PBXResourcesBuildPhase;
			buildActionMask = 2147483647;
			files = (
				CAD9FD3F224F79E000044806 /* awsconfiguration.json in Resources */,
				CA222C82224B65BD00E8CC8D /* ConfirmSignUpViewController.xib in Resources */,
				CA222C70224B53D900E8CC8D /* LoginViewController.xib in Resources */,
				CA222C74224B547200E8CC8D /* SplashViewController.xib in Resources */,
				CA222C5C224B4BB700E8CC8D /* LaunchScreen.storyboard in Resources */,
				CA222C59224B4BB700E8CC8D /* Assets.xcassets in Resources */,
				CA222C8B224B9BAF00E8CC8D /* NewPasswordViewController.xib in Resources */,
				CA222C87224B6AD500E8CC8D /* ResetPasswordViewController.xib in Resources */,
				CA222C7E224B622600E8CC8D /* SignUpViewController.xib in Resources */,
				CA222C68224B519000E8CC8D /* MainViewController.xib in Resources */,
			);
			runOnlyForDeploymentPostprocessing = 0;
		};
/* End PBXResourcesBuildPhase section */

/* Begin PBXShellScriptBuildPhase section */
		27FD450A340EE8012E3B4EDC /* [CP] Check Pods Manifest.lock */ = {
			isa = PBXShellScriptBuildPhase;
			buildActionMask = 2147483647;
			files = (
			);
			inputFileListPaths = (
			);
			inputPaths = (
				"${PODS_PODFILE_DIR_PATH}/Podfile.lock",
				"${PODS_ROOT}/Manifest.lock",
			);
			name = "[CP] Check Pods Manifest.lock";
			outputFileListPaths = (
			);
			outputPaths = (
				"$(DERIVED_FILE_DIR)/Pods-aws_amplify_integration-checkManifestLockResult.txt",
			);
			runOnlyForDeploymentPostprocessing = 0;
			shellPath = /bin/sh;
			shellScript = "diff \"${PODS_PODFILE_DIR_PATH}/Podfile.lock\" \"${PODS_ROOT}/Manifest.lock\" > /dev/null\nif [ $? != 0 ] ; then\n    # print error to STDERR\n    echo \"error: The sandbox is not in sync with the Podfile.lock. Run 'pod install' or update your CocoaPods installation.\" >&2\n    exit 1\nfi\n# This output is used by Xcode 'outputs' to avoid re-running this script phase.\necho \"SUCCESS\" > \"${SCRIPT_OUTPUT_FILE_0}\"\n";
			showEnvVarsInLog = 0;
		};
		BE5ABCE7AC22619F21185C62 /* [CP] Embed Pods Frameworks */ = {
			isa = PBXShellScriptBuildPhase;
			buildActionMask = 2147483647;
			files = (
			);
			inputFileListPaths = (
			);
			inputPaths = (
				"${PODS_ROOT}/Target Support Files/Pods-aws_amplify_integration/Pods-aws_amplify_integration-frameworks.sh",
				"${BUILT_PRODUCTS_DIR}/AWSAuthCore/AWSAuthCore.framework",
				"${BUILT_PRODUCTS_DIR}/AWSCognitoIdentityProvider/AWSCognitoIdentityProvider.framework",
				"${BUILT_PRODUCTS_DIR}/AWSCognitoIdentityProviderASF/AWSCognitoIdentityProviderASF.framework",
				"${BUILT_PRODUCTS_DIR}/AWSCore/AWSCore.framework",
				"${BUILT_PRODUCTS_DIR}/AWSMobileClient/AWSMobileClient.framework",
				"${BUILT_PRODUCTS_DIR}/AWSS3/AWSS3.framework",
				"${BUILT_PRODUCTS_DIR}/IQKeyboardManagerSwift/IQKeyboardManagerSwift.framework",
				"${BUILT_PRODUCTS_DIR}/KeychainAccess/KeychainAccess.framework",
			);
			name = "[CP] Embed Pods Frameworks";
			outputFileListPaths = (
			);
			outputPaths = (
				"${TARGET_BUILD_DIR}/${FRAMEWORKS_FOLDER_PATH}/AWSAuthCore.framework",
				"${TARGET_BUILD_DIR}/${FRAMEWORKS_FOLDER_PATH}/AWSCognitoIdentityProvider.framework",
				"${TARGET_BUILD_DIR}/${FRAMEWORKS_FOLDER_PATH}/AWSCognitoIdentityProviderASF.framework",
				"${TARGET_BUILD_DIR}/${FRAMEWORKS_FOLDER_PATH}/AWSCore.framework",
				"${TARGET_BUILD_DIR}/${FRAMEWORKS_FOLDER_PATH}/AWSMobileClient.framework",
				"${TARGET_BUILD_DIR}/${FRAMEWORKS_FOLDER_PATH}/AWSS3.framework",
				"${TARGET_BUILD_DIR}/${FRAMEWORKS_FOLDER_PATH}/IQKeyboardManagerSwift.framework",
				"${TARGET_BUILD_DIR}/${FRAMEWORKS_FOLDER_PATH}/KeychainAccess.framework",
			);
			runOnlyForDeploymentPostprocessing = 0;
			shellPath = /bin/sh;
			shellScript = "\"${PODS_ROOT}/Target Support Files/Pods-aws_amplify_integration/Pods-aws_amplify_integration-frameworks.sh\"\n";
			showEnvVarsInLog = 0;
		};
/* End PBXShellScriptBuildPhase section */

/* Begin PBXSourcesBuildPhase section */
		CA222C4A224B4BB500E8CC8D /* Sources */ = {
			isa = PBXSourcesBuildPhase;
			buildActionMask = 2147483647;
			files = (
				CA222C7D224B622600E8CC8D /* SignUpViewController.swift in Sources */,
				CA222C81224B65BD00E8CC8D /* ConfirmSignUpViewController.swift in Sources */,
				CA222C6F224B53D900E8CC8D /* LoginViewController.swift in Sources */,
				CA222C86224B6AD500E8CC8D /* ResetPasswordViewController.swift in Sources */,
				CA222C67224B519000E8CC8D /* MainViewController.swift in Sources */,
				CA222C52224B4BB500E8CC8D /* AppDelegate.swift in Sources */,
				CA222C77224B54DA00E8CC8D /* UIApplication.swift in Sources */,
				CA222C73224B547200E8CC8D /* SplashViewController.swift in Sources */,
				CA222C8A224B9BAF00E8CC8D /* NewPasswordViewController.swift in Sources */,
			);
			runOnlyForDeploymentPostprocessing = 0;
		};
/* End PBXSourcesBuildPhase section */

/* Begin PBXVariantGroup section */
		CA222C5A224B4BB700E8CC8D /* LaunchScreen.storyboard */ = {
			isa = PBXVariantGroup;
			children = (
				CA222C5B224B4BB700E8CC8D /* Base */,
			);
			name = LaunchScreen.storyboard;
			sourceTree = "<group>";
		};
/* End PBXVariantGroup section */

/* Begin XCBuildConfiguration section */
		CA222C5E224B4BB700E8CC8D /* Debug */ = {
			isa = XCBuildConfiguration;
			buildSettings = {
				ALWAYS_SEARCH_USER_PATHS = NO;
				CLANG_ANALYZER_NONNULL = YES;
				CLANG_ANALYZER_NUMBER_OBJECT_CONVERSION = YES_AGGRESSIVE;
				CLANG_CXX_LANGUAGE_STANDARD = "gnu++14";
				CLANG_CXX_LIBRARY = "libc++";
				CLANG_ENABLE_MODULES = YES;
				CLANG_ENABLE_OBJC_ARC = YES;
				CLANG_ENABLE_OBJC_WEAK = YES;
				CLANG_WARN_BLOCK_CAPTURE_AUTORELEASING = YES;
				CLANG_WARN_BOOL_CONVERSION = YES;
				CLANG_WARN_COMMA = YES;
				CLANG_WARN_CONSTANT_CONVERSION = YES;
				CLANG_WARN_DEPRECATED_OBJC_IMPLEMENTATIONS = YES;
				CLANG_WARN_DIRECT_OBJC_ISA_USAGE = YES_ERROR;
				CLANG_WARN_DOCUMENTATION_COMMENTS = YES;
				CLANG_WARN_EMPTY_BODY = YES;
				CLANG_WARN_ENUM_CONVERSION = YES;
				CLANG_WARN_INFINITE_RECURSION = YES;
				CLANG_WARN_INT_CONVERSION = YES;
				CLANG_WARN_NON_LITERAL_NULL_CONVERSION = YES;
				CLANG_WARN_OBJC_IMPLICIT_RETAIN_SELF = YES;
				CLANG_WARN_OBJC_LITERAL_CONVERSION = YES;
				CLANG_WARN_OBJC_ROOT_CLASS = YES_ERROR;
				CLANG_WARN_RANGE_LOOP_ANALYSIS = YES;
				CLANG_WARN_STRICT_PROTOTYPES = YES;
				CLANG_WARN_SUSPICIOUS_MOVE = YES;
				CLANG_WARN_UNGUARDED_AVAILABILITY = YES_AGGRESSIVE;
				CLANG_WARN_UNREACHABLE_CODE = YES;
				CLANG_WARN__DUPLICATE_METHOD_MATCH = YES;
				CODE_SIGN_IDENTITY = "iPhone Developer";
				COPY_PHASE_STRIP = NO;
				DEBUG_INFORMATION_FORMAT = dwarf;
				ENABLE_STRICT_OBJC_MSGSEND = YES;
				ENABLE_TESTABILITY = YES;
				GCC_C_LANGUAGE_STANDARD = gnu11;
				GCC_DYNAMIC_NO_PIC = NO;
				GCC_NO_COMMON_BLOCKS = YES;
				GCC_OPTIMIZATION_LEVEL = 0;
				GCC_PREPROCESSOR_DEFINITIONS = (
					"DEBUG=1",
					"$(inherited)",
				);
				GCC_WARN_64_TO_32_BIT_CONVERSION = YES;
				GCC_WARN_ABOUT_RETURN_TYPE = YES_ERROR;
				GCC_WARN_UNDECLARED_SELECTOR = YES;
				GCC_WARN_UNINITIALIZED_AUTOS = YES_AGGRESSIVE;
				GCC_WARN_UNUSED_FUNCTION = YES;
				GCC_WARN_UNUSED_VARIABLE = YES;
				IPHONEOS_DEPLOYMENT_TARGET = 12.2;
				MTL_ENABLE_DEBUG_INFO = INCLUDE_SOURCE;
				MTL_FAST_MATH = YES;
				ONLY_ACTIVE_ARCH = YES;
				SDKROOT = iphoneos;
				SWIFT_ACTIVE_COMPILATION_CONDITIONS = DEBUG;
				SWIFT_OPTIMIZATION_LEVEL = "-Onone";
			};
			name = Debug;
		};
		CA222C5F224B4BB700E8CC8D /* Release */ = {
			isa = XCBuildConfiguration;
			buildSettings = {
				ALWAYS_SEARCH_USER_PATHS = NO;
				CLANG_ANALYZER_NONNULL = YES;
				CLANG_ANALYZER_NUMBER_OBJECT_CONVERSION = YES_AGGRESSIVE;
				CLANG_CXX_LANGUAGE_STANDARD = "gnu++14";
				CLANG_CXX_LIBRARY = "libc++";
				CLANG_ENABLE_MODULES = YES;
				CLANG_ENABLE_OBJC_ARC = YES;
				CLANG_ENABLE_OBJC_WEAK = YES;
				CLANG_WARN_BLOCK_CAPTURE_AUTORELEASING = YES;
				CLANG_WARN_BOOL_CONVERSION = YES;
				CLANG_WARN_COMMA = YES;
				CLANG_WARN_CONSTANT_CONVERSION = YES;
				CLANG_WARN_DEPRECATED_OBJC_IMPLEMENTATIONS = YES;
				CLANG_WARN_DIRECT_OBJC_ISA_USAGE = YES_ERROR;
				CLANG_WARN_DOCUMENTATION_COMMENTS = YES;
				CLANG_WARN_EMPTY_BODY = YES;
				CLANG_WARN_ENUM_CONVERSION = YES;
				CLANG_WARN_INFINITE_RECURSION = YES;
				CLANG_WARN_INT_CONVERSION = YES;
				CLANG_WARN_NON_LITERAL_NULL_CONVERSION = YES;
				CLANG_WARN_OBJC_IMPLICIT_RETAIN_SELF = YES;
				CLANG_WARN_OBJC_LITERAL_CONVERSION = YES;
				CLANG_WARN_OBJC_ROOT_CLASS = YES_ERROR;
				CLANG_WARN_RANGE_LOOP_ANALYSIS = YES;
				CLANG_WARN_STRICT_PROTOTYPES = YES;
				CLANG_WARN_SUSPICIOUS_MOVE = YES;
				CLANG_WARN_UNGUARDED_AVAILABILITY = YES_AGGRESSIVE;
				CLANG_WARN_UNREACHABLE_CODE = YES;
				CLANG_WARN__DUPLICATE_METHOD_MATCH = YES;
				CODE_SIGN_IDENTITY = "iPhone Developer";
				COPY_PHASE_STRIP = NO;
				DEBUG_INFORMATION_FORMAT = "dwarf-with-dsym";
				ENABLE_NS_ASSERTIONS = NO;
				ENABLE_STRICT_OBJC_MSGSEND = YES;
				GCC_C_LANGUAGE_STANDARD = gnu11;
				GCC_NO_COMMON_BLOCKS = YES;
				GCC_WARN_64_TO_32_BIT_CONVERSION = YES;
				GCC_WARN_ABOUT_RETURN_TYPE = YES_ERROR;
				GCC_WARN_UNDECLARED_SELECTOR = YES;
				GCC_WARN_UNINITIALIZED_AUTOS = YES_AGGRESSIVE;
				GCC_WARN_UNUSED_FUNCTION = YES;
				GCC_WARN_UNUSED_VARIABLE = YES;
				IPHONEOS_DEPLOYMENT_TARGET = 12.2;
				MTL_ENABLE_DEBUG_INFO = NO;
				MTL_FAST_MATH = YES;
				SDKROOT = iphoneos;
				SWIFT_COMPILATION_MODE = wholemodule;
				SWIFT_OPTIMIZATION_LEVEL = "-O";
				VALIDATE_PRODUCT = YES;
			};
			name = Release;
		};
		CA222C61224B4BB700E8CC8D /* Debug */ = {
			isa = XCBuildConfiguration;
			baseConfigurationReference = 7905F40C26D8C00767557E13 /* Pods-aws_amplify_integration.debug.xcconfig */;
			buildSettings = {
				ASSETCATALOG_COMPILER_APPICON_NAME = AppIcon;
				CODE_SIGN_STYLE = Automatic;
				DEVELOPMENT_TEAM = 8EGFFE222W;
				INFOPLIST_FILE = aws_amplify_integration/Info.plist;
				IPHONEOS_DEPLOYMENT_TARGET = 12.0;
				LD_RUNPATH_SEARCH_PATHS = (
					"$(inherited)",
					"@executable_path/Frameworks",
				);
				PRODUCT_BUNDLE_IDENTIFIER = "com.calincrist.aws-amplify-integration";
				PRODUCT_NAME = "$(TARGET_NAME)";
				SWIFT_VERSION = 5.0;
				TARGETED_DEVICE_FAMILY = "1,2";
			};
			name = Debug;
		};
		CA222C62224B4BB700E8CC8D /* Release */ = {
			isa = XCBuildConfiguration;
			baseConfigurationReference = ACFEA6FB130513DC7172D3F4 /* Pods-aws_amplify_integration.release.xcconfig */;
			buildSettings = {
				ASSETCATALOG_COMPILER_APPICON_NAME = AppIcon;
				CODE_SIGN_STYLE = Automatic;
				DEVELOPMENT_TEAM = 8EGFFE222W;
				INFOPLIST_FILE = aws_amplify_integration/Info.plist;
				IPHONEOS_DEPLOYMENT_TARGET = 12.0;
				LD_RUNPATH_SEARCH_PATHS = (
					"$(inherited)",
					"@executable_path/Frameworks",
				);
				PRODUCT_BUNDLE_IDENTIFIER = "com.calincrist.aws-amplify-integration";
				PRODUCT_NAME = "$(TARGET_NAME)";
				SWIFT_VERSION = 5.0;
				TARGETED_DEVICE_FAMILY = "1,2";
			};
			name = Release;
		};
/* End XCBuildConfiguration section */

/* Begin XCConfigurationList section */
		CA222C49224B4BB500E8CC8D /* Build configuration list for PBXProject "aws_amplify_integration" */ = {
			isa = XCConfigurationList;
			buildConfigurations = (
				CA222C5E224B4BB700E8CC8D /* Debug */,
				CA222C5F224B4BB700E8CC8D /* Release */,
			);
			defaultConfigurationIsVisible = 0;
			defaultConfigurationName = Release;
		};
		CA222C60224B4BB700E8CC8D /* Build configuration list for PBXNativeTarget "aws_amplify_integration" */ = {
			isa = XCConfigurationList;
			buildConfigurations = (
				CA222C61224B4BB700E8CC8D /* Debug */,
				CA222C62224B4BB700E8CC8D /* Release */,
			);
			defaultConfigurationIsVisible = 0;
			defaultConfigurationName = Release;
		};
/* End XCConfigurationList section */
	};
	rootObject = CA222C46224B4BB500E8CC8D /* Project object */;
}
